
Microsoft Visual Studio Solution File, Format Version 12.00
# Visual Studio Version 17
VisualStudioVersion = 17.9.34723.18
MinimumVisualStudioVersion = 10.0.40219.1
Project("{9A19103F-16F7-4668-BE54-9A1E7A4F7556}") = "motionstudiomobileapp", "motionstudiomobileapp\motionstudiomobileapp.csproj", "{D8FD26CE-E8FF-4684-B15F-17A2288ABE74}"
EndProject
Global
	GlobalSection(SolutionConfigurationPlatforms) = preSolution
		Debug|Any CPU = Debug|Any CPU
		Release|Any CPU = Release|Any CPU
	EndGlobalSection
	GlobalSection(ProjectConfigurationPlatforms) = postSolution
		{D8FD26CE-E8FF-4684-B15F-17A2288ABE74}.Debug|Any CPU.ActiveCfg = Debug|Any CPU
		{D8FD26CE-E8FF-4684-B15F-17A2288ABE74}.Debug|Any CPU.Build.0 = Debug|Any CPU
		{D8FD26CE-E8FF-4684-B15F-17A2288ABE74}.Debug|Any CPU.Deploy.0 = Debug|Any CPU
		{D8FD26CE-E8FF-4684-B15F-17A2288ABE74}.Release|Any CPU.ActiveCfg = Release|Any CPU
		{D8FD26CE-E8FF-4684-B15F-17A2288ABE74}.Release|Any CPU.Build.0 = Release|Any CPU
		{D8FD26CE-E8FF-4684-B15F-17A2288ABE74}.Release|Any CPU.Deploy.0 = Release|Any CPU
	EndGlobalSection
	GlobalSection(SolutionProperties) = preSolution
		HideSolutionNode = FALSE
	EndGlobalSection
	GlobalSection(ExtensibilityGlobals) = postSolution
		SolutionGuid = {DA71E6D6-EDD2-4D4E-B951-C73ACEDFAECB}
	EndGlobalSection
EndGlobal
